
Microsoft Visual Studio Solution File, Format Version 12.00
# Visual Studio Version 16
VisualStudioVersion = 16.0.28922.388
MinimumVisualStudioVersion = 10.0.40219.1
Project("{FAE04EC0-301F-11D3-BF4B-00C04F79EFBC}") = "09. Birthday", "09. Birthday\09. Birthday.csproj", "{EDAACDF9-C56C-405E-A019-543BD4886A31}"
EndProject
Global
	GlobalSection(SolutionConfigurationPlatforms) = preSolution
		Debug|Any CPU = Debug|Any CPU
		Release|Any CPU = Release|Any CPU
	EndGlobalSection
	GlobalSection(ProjectConfigurationPlatforms) = postSolution
		{EDAACDF9-C56C-405E-A019-543BD4886A31}.Debug|Any CPU.ActiveCfg = Debug|Any CPU
		{EDAACDF9-C56C-405E-A019-543BD4886A31}.Debug|Any CPU.Build.0 = Debug|Any CPU
		{EDAACDF9-C56C-405E-A019-543BD4886A31}.Release|Any CPU.ActiveCfg = Release|Any CPU
		{EDAACDF9-C56C-405E-A019-543BD4886A31}.Release|Any CPU.Build.0 = Release|Any CPU
	EndGlobalSection
	GlobalSection(SolutionProperties) = preSolution
		HideSolutionNode = FALSE
	EndGlobalSection
	GlobalSection(ExtensibilityGlobals) = postSolution
		SolutionGuid = {B15F3028-0156-4545-AA9B-A6D5C0EC9D8A}
	EndGlobalSection
EndGlobal
