
Microsoft Visual Studio Solution File, Format Version 12.00
# Visual Studio Version 16
VisualStudioVersion = 16.0.28803.352
MinimumVisualStudioVersion = 10.0.40219.1
Project("{FAE04EC0-301F-11D3-BF4B-00C04F79EFBC}") = "soft uni judge greeting by name", "soft uni judge greeting by name\soft uni judge greeting by name.csproj", "{3AE3D17D-F576-4F28-B3AC-28658DD222E3}"
EndProject
Global
	GlobalSection(SolutionConfigurationPlatforms) = preSolution
		Debug|Any CPU = Debug|Any CPU
		Release|Any CPU = Release|Any CPU
	EndGlobalSection
	GlobalSection(ProjectConfigurationPlatforms) = postSolution
		{3AE3D17D-F576-4F28-B3AC-28658DD222E3}.Debug|Any CPU.ActiveCfg = Debug|Any CPU
		{3AE3D17D-F576-4F28-B3AC-28658DD222E3}.Debug|Any CPU.Build.0 = Debug|Any CPU
		{3AE3D17D-F576-4F28-B3AC-28658DD222E3}.Release|Any CPU.ActiveCfg = Release|Any CPU
		{3AE3D17D-F576-4F28-B3AC-28658DD222E3}.Release|Any CPU.Build.0 = Release|Any CPU
	EndGlobalSection
	GlobalSection(SolutionProperties) = preSolution
		HideSolutionNode = FALSE
	EndGlobalSection
	GlobalSection(ExtensibilityGlobals) = postSolution
		SolutionGuid = {42E0FDC6-503D-4F5D-910A-54809C57E796}
	EndGlobalSection
EndGlobal
