
Microsoft Visual Studio Solution File, Format Version 12.00
# Visual Studio Version 16
VisualStudioVersion = 16.0.28922.388
MinimumVisualStudioVersion = 10.0.40219.1
Project("{FAE04EC0-301F-11D3-BF4B-00C04F79EFBC}") = "05. Projects Creation", "05. Projects Creation\05. Projects Creation.csproj", "{5E18E702-52D9-4F5B-A534-1D602144A41B}"
EndProject
Global
	GlobalSection(SolutionConfigurationPlatforms) = preSolution
		Debug|Any CPU = Debug|Any CPU
		Release|Any CPU = Release|Any CPU
	EndGlobalSection
	GlobalSection(ProjectConfigurationPlatforms) = postSolution
		{5E18E702-52D9-4F5B-A534-1D602144A41B}.Debug|Any CPU.ActiveCfg = Debug|Any CPU
		{5E18E702-52D9-4F5B-A534-1D602144A41B}.Debug|Any CPU.Build.0 = Debug|Any CPU
		{5E18E702-52D9-4F5B-A534-1D602144A41B}.Release|Any CPU.ActiveCfg = Release|Any CPU
		{5E18E702-52D9-4F5B-A534-1D602144A41B}.Release|Any CPU.Build.0 = Release|Any CPU
	EndGlobalSection
	GlobalSection(SolutionProperties) = preSolution
		HideSolutionNode = FALSE
	EndGlobalSection
	GlobalSection(ExtensibilityGlobals) = postSolution
		SolutionGuid = {72247700-8332-455A-9520-3F362660F620}
	EndGlobalSection
EndGlobal
