
Microsoft Visual Studio Solution File, Format Version 12.00
# Visual Studio Version 16
VisualStudioVersion = 16.0.28803.352
MinimumVisualStudioVersion = 10.0.40219.1
Project("{FAE04EC0-301F-11D3-BF4B-00C04F79EFBC}") = "ConsoleApp2", "ConsoleApp2\ConsoleApp2.csproj", "{572CA3EA-081A-4512-BE10-5965EE09679C}"
EndProject
Global
	GlobalSection(SolutionConfigurationPlatforms) = preSolution
		Debug|Any CPU = Debug|Any CPU
		Release|Any CPU = Release|Any CPU
	EndGlobalSection
	GlobalSection(ProjectConfigurationPlatforms) = postSolution
		{572CA3EA-081A-4512-BE10-5965EE09679C}.Debug|Any CPU.ActiveCfg = Debug|Any CPU
		{572CA3EA-081A-4512-BE10-5965EE09679C}.Debug|Any CPU.Build.0 = Debug|Any CPU
		{572CA3EA-081A-4512-BE10-5965EE09679C}.Release|Any CPU.ActiveCfg = Release|Any CPU
		{572CA3EA-081A-4512-BE10-5965EE09679C}.Release|Any CPU.Build.0 = Release|Any CPU
	EndGlobalSection
	GlobalSection(SolutionProperties) = preSolution
		HideSolutionNode = FALSE
	EndGlobalSection
	GlobalSection(ExtensibilityGlobals) = postSolution
		SolutionGuid = {2BFA4E90-B983-4946-9AE5-59D4B213B6A9}
	EndGlobalSection
EndGlobal
